
Microsoft Visual Studio Solution File, Format Version 12.00
# Visual Studio 15
VisualStudioVersion = 15.0.28307.1401
MinimumVisualStudioVersion = 10.0.40219.1
Project("{FAE04EC0-301F-11D3-BF4B-00C04F79EFBC}") = "Contract", "Contract\Contract.csproj", "{FCF2A140-B45A-4F6A-9258-92355687704B}"
EndProject
Project("{FAE04EC0-301F-11D3-BF4B-00C04F79EFBC}") = "Business", "Business\Business.csproj", "{71D8878D-0428-4678-9223-A9EBBD3C44FB}"
EndProject
Project("{FAE04EC0-301F-11D3-BF4B-00C04F79EFBC}") = "CatalogosSAT", "CatalogosSAT\CatalogosSAT.csproj", "{383B6985-0E07-4C91-8B07-E4B928962FE0}"
EndProject
Project("{FAE04EC0-301F-11D3-BF4B-00C04F79EFBC}") = "ClienteTimbrado", "ClienteTimbrado\ClienteTimbrado.csproj", "{3E83B260-1E10-45E1-91C5-E0254D2A89FB}"
EndProject
Project("{FAE04EC0-301F-11D3-BF4B-00C04F79EFBC}") = "DropDownChosen", "DropDownChosen\DropDownChosen.csproj", "{61034352-74E2-409D-8F9B-FDC5B4030524}"
EndProject
Project("{FAE04EC0-301F-11D3-BF4B-00C04F79EFBC}") = "Operacion", "Operacion\Operacion.csproj", "{8E912C27-251F-4E3A-8A1C-C557DD79F78F}"
EndProject
Project("{FAE04EC0-301F-11D3-BF4B-00C04F79EFBC}") = "Promotores", "Promotores\Promotores.csproj", "{AC6DB1FF-52A8-42B9-9FEB-A22879154345}"
EndProject
Project("{FAE04EC0-301F-11D3-BF4B-00C04F79EFBC}") = "Contabilidad", "Contabilidad\Contabilidad.csproj", "{954196E2-AE6C-43A7-A1F2-E6F667717B77}"
EndProject
Project("{FAE04EC0-301F-11D3-BF4B-00C04F79EFBC}") = "Tesoreria", "Tesoreria\Tesoreria.csproj", "{F6657E5E-01DA-482B-BC2C-CD241673C9E0}"
EndProject
Project("{FAE04EC0-301F-11D3-BF4B-00C04F79EFBC}") = "ActualizadorCancelacion", "ActualizadorCancelacion\ActualizadorCancelacion.csproj", "{132B641A-F192-4898-9DBA-716A9EA777D6}"
EndProject
Global
	GlobalSection(SolutionConfigurationPlatforms) = preSolution
		Debug|Any CPU = Debug|Any CPU
		Release|Any CPU = Release|Any CPU
	EndGlobalSection
	GlobalSection(ProjectConfigurationPlatforms) = postSolution
		{FCF2A140-B45A-4F6A-9258-92355687704B}.Debug|Any CPU.ActiveCfg = Debug|Any CPU
		{FCF2A140-B45A-4F6A-9258-92355687704B}.Debug|Any CPU.Build.0 = Debug|Any CPU
		{FCF2A140-B45A-4F6A-9258-92355687704B}.Release|Any CPU.ActiveCfg = Release|Any CPU
		{FCF2A140-B45A-4F6A-9258-92355687704B}.Release|Any CPU.Build.0 = Release|Any CPU
		{71D8878D-0428-4678-9223-A9EBBD3C44FB}.Debug|Any CPU.ActiveCfg = Debug|Any CPU
		{71D8878D-0428-4678-9223-A9EBBD3C44FB}.Debug|Any CPU.Build.0 = Debug|Any CPU
		{71D8878D-0428-4678-9223-A9EBBD3C44FB}.Release|Any CPU.ActiveCfg = Release|Any CPU
		{71D8878D-0428-4678-9223-A9EBBD3C44FB}.Release|Any CPU.Build.0 = Release|Any CPU
		{383B6985-0E07-4C91-8B07-E4B928962FE0}.Debug|Any CPU.ActiveCfg = Debug|Any CPU
		{383B6985-0E07-4C91-8B07-E4B928962FE0}.Debug|Any CPU.Build.0 = Debug|Any CPU
		{383B6985-0E07-4C91-8B07-E4B928962FE0}.Release|Any CPU.ActiveCfg = Release|Any CPU
		{383B6985-0E07-4C91-8B07-E4B928962FE0}.Release|Any CPU.Build.0 = Release|Any CPU
		{3E83B260-1E10-45E1-91C5-E0254D2A89FB}.Debug|Any CPU.ActiveCfg = Debug|Any CPU
		{3E83B260-1E10-45E1-91C5-E0254D2A89FB}.Debug|Any CPU.Build.0 = Debug|Any CPU
		{3E83B260-1E10-45E1-91C5-E0254D2A89FB}.Release|Any CPU.ActiveCfg = Release|Any CPU
		{3E83B260-1E10-45E1-91C5-E0254D2A89FB}.Release|Any CPU.Build.0 = Release|Any CPU
		{61034352-74E2-409D-8F9B-FDC5B4030524}.Debug|Any CPU.ActiveCfg = Debug|Any CPU
		{61034352-74E2-409D-8F9B-FDC5B4030524}.Debug|Any CPU.Build.0 = Debug|Any CPU
		{61034352-74E2-409D-8F9B-FDC5B4030524}.Release|Any CPU.ActiveCfg = Release|Any CPU
		{61034352-74E2-409D-8F9B-FDC5B4030524}.Release|Any CPU.Build.0 = Release|Any CPU
		{8E912C27-251F-4E3A-8A1C-C557DD79F78F}.Debug|Any CPU.ActiveCfg = Debug|Any CPU
		{8E912C27-251F-4E3A-8A1C-C557DD79F78F}.Debug|Any CPU.Build.0 = Debug|Any CPU
		{8E912C27-251F-4E3A-8A1C-C557DD79F78F}.Release|Any CPU.ActiveCfg = Release|Any CPU
		{8E912C27-251F-4E3A-8A1C-C557DD79F78F}.Release|Any CPU.Build.0 = Release|Any CPU
		{AC6DB1FF-52A8-42B9-9FEB-A22879154345}.Debug|Any CPU.ActiveCfg = Debug|Any CPU
		{AC6DB1FF-52A8-42B9-9FEB-A22879154345}.Debug|Any CPU.Build.0 = Debug|Any CPU
		{AC6DB1FF-52A8-42B9-9FEB-A22879154345}.Release|Any CPU.ActiveCfg = Release|Any CPU
		{AC6DB1FF-52A8-42B9-9FEB-A22879154345}.Release|Any CPU.Build.0 = Release|Any CPU
		{954196E2-AE6C-43A7-A1F2-E6F667717B77}.Debug|Any CPU.ActiveCfg = Debug|Any CPU
		{954196E2-AE6C-43A7-A1F2-E6F667717B77}.Debug|Any CPU.Build.0 = Debug|Any CPU
		{954196E2-AE6C-43A7-A1F2-E6F667717B77}.Release|Any CPU.ActiveCfg = Release|Any CPU
		{954196E2-AE6C-43A7-A1F2-E6F667717B77}.Release|Any CPU.Build.0 = Release|Any CPU
		{F6657E5E-01DA-482B-BC2C-CD241673C9E0}.Debug|Any CPU.ActiveCfg = Debug|Any CPU
		{F6657E5E-01DA-482B-BC2C-CD241673C9E0}.Debug|Any CPU.Build.0 = Debug|Any CPU
		{F6657E5E-01DA-482B-BC2C-CD241673C9E0}.Release|Any CPU.ActiveCfg = Release|Any CPU
		{F6657E5E-01DA-482B-BC2C-CD241673C9E0}.Release|Any CPU.Build.0 = Release|Any CPU
		{132B641A-F192-4898-9DBA-716A9EA777D6}.Debug|Any CPU.ActiveCfg = Debug|Any CPU
		{132B641A-F192-4898-9DBA-716A9EA777D6}.Debug|Any CPU.Build.0 = Debug|Any CPU
		{132B641A-F192-4898-9DBA-716A9EA777D6}.Release|Any CPU.ActiveCfg = Release|Any CPU
		{132B641A-F192-4898-9DBA-716A9EA777D6}.Release|Any CPU.Build.0 = Release|Any CPU
	EndGlobalSection
	GlobalSection(SolutionProperties) = preSolution
		HideSolutionNode = FALSE
	EndGlobalSection
	GlobalSection(ExtensibilityGlobals) = postSolution
		SolutionGuid = {ED402784-41F3-424A-B112-3B4928B938E8}
	EndGlobalSection
EndGlobal
